
Microsoft Visual Studio Solution File, Format Version 12.00
# Visual Studio Version 16
VisualStudioVersion = 16.0.31702.278
MinimumVisualStudioVersion = 10.0.40219.1
Project("{8BC9CEB8-8B4A-11D0-8D11-00A0C91BC942}") = "2021091601", "2021091601.vcxproj", "{514AF06C-D4F2-4B2E-86A9-E3BD73D1805E}"
EndProject
Global
	GlobalSection(SolutionConfigurationPlatforms) = preSolution
		Debug|x64 = Debug|x64
		Debug|x86 = Debug|x86
		Release|x64 = Release|x64
		Release|x86 = Release|x86
	EndGlobalSection
	GlobalSection(ProjectConfigurationPlatforms) = postSolution
		{514AF06C-D4F2-4B2E-86A9-E3BD73D1805E}.Debug|x64.ActiveCfg = Debug|x64
		{514AF06C-D4F2-4B2E-86A9-E3BD73D1805E}.Debug|x64.Build.0 = Debug|x64
		{514AF06C-D4F2-4B2E-86A9-E3BD73D1805E}.Debug|x86.ActiveCfg = Debug|Win32
		{514AF06C-D4F2-4B2E-86A9-E3BD73D1805E}.Debug|x86.Build.0 = Debug|Win32
		{514AF06C-D4F2-4B2E-86A9-E3BD73D1805E}.Release|x64.ActiveCfg = Release|x64
		{514AF06C-D4F2-4B2E-86A9-E3BD73D1805E}.Release|x64.Build.0 = Release|x64
		{514AF06C-D4F2-4B2E-86A9-E3BD73D1805E}.Release|x86.ActiveCfg = Release|Win32
		{514AF06C-D4F2-4B2E-86A9-E3BD73D1805E}.Release|x86.Build.0 = Release|Win32
	EndGlobalSection
	GlobalSection(SolutionProperties) = preSolution
		HideSolutionNode = FALSE
	EndGlobalSection
	GlobalSection(ExtensibilityGlobals) = postSolution
		SolutionGuid = {0106A16F-0B81-4BD3-A4DF-37CE42787FD1}
	EndGlobalSection
EndGlobal
